
Microsoft Visual Studio Solution File, Format Version 12.00
# Visual Studio Version 17
VisualStudioVersion = 17.0.31903.59
MinimumVisualStudioVersion = 10.0.40219.1
Project("{FAE04EC0-301F-11D3-BF4B-00C04F79EFBC}") = "JwtStore.Api", "JwtStore.Api\JwtStore.Api.csproj", "{90A16641-3FC7-4607-99C9-3F4E8B37F43B}"
EndProject
Project("{FAE04EC0-301F-11D3-BF4B-00C04F79EFBC}") = "JwtStore.Core", "JwtStore.Core\JwtStore.Core.csproj", "{9FFFB99E-973A-471F-A0A6-5CAB3E1DB03C}"
EndProject
Project("{FAE04EC0-301F-11D3-BF4B-00C04F79EFBC}") = "JwtStore.Infra", "JwtStore.Infra\JwtStore.Infra.csproj", "{A364683A-30B3-4C85-9401-0946ADCB65AB}"
EndProject
Global
	GlobalSection(SolutionConfigurationPlatforms) = preSolution
		Debug|Any CPU = Debug|Any CPU
		Release|Any CPU = Release|Any CPU
	EndGlobalSection
	GlobalSection(ProjectConfigurationPlatforms) = postSolution
		{90A16641-3FC7-4607-99C9-3F4E8B37F43B}.Debug|Any CPU.ActiveCfg = Debug|Any CPU
		{90A16641-3FC7-4607-99C9-3F4E8B37F43B}.Debug|Any CPU.Build.0 = Debug|Any CPU
		{90A16641-3FC7-4607-99C9-3F4E8B37F43B}.Release|Any CPU.ActiveCfg = Release|Any CPU
		{90A16641-3FC7-4607-99C9-3F4E8B37F43B}.Release|Any CPU.Build.0 = Release|Any CPU
		{9FFFB99E-973A-471F-A0A6-5CAB3E1DB03C}.Debug|Any CPU.ActiveCfg = Debug|Any CPU
		{9FFFB99E-973A-471F-A0A6-5CAB3E1DB03C}.Debug|Any CPU.Build.0 = Debug|Any CPU
		{9FFFB99E-973A-471F-A0A6-5CAB3E1DB03C}.Release|Any CPU.ActiveCfg = Release|Any CPU
		{9FFFB99E-973A-471F-A0A6-5CAB3E1DB03C}.Release|Any CPU.Build.0 = Release|Any CPU
		{A364683A-30B3-4C85-9401-0946ADCB65AB}.Debug|Any CPU.ActiveCfg = Debug|Any CPU
		{A364683A-30B3-4C85-9401-0946ADCB65AB}.Debug|Any CPU.Build.0 = Debug|Any CPU
		{A364683A-30B3-4C85-9401-0946ADCB65AB}.Release|Any CPU.ActiveCfg = Release|Any CPU
		{A364683A-30B3-4C85-9401-0946ADCB65AB}.Release|Any CPU.Build.0 = Release|Any CPU
	EndGlobalSection
	GlobalSection(SolutionProperties) = preSolution
		HideSolutionNode = FALSE
	EndGlobalSection
	GlobalSection(ExtensibilityGlobals) = postSolution
		SolutionGuid = {28E56C59-0031-42FB-97B5-961F533CFFAC}
	EndGlobalSection
EndGlobal
